
Microsoft Visual Studio Solution File, Format Version 12.00
# Visual Studio Version 16
VisualStudioVersion = 16.0.31624.102
MinimumVisualStudioVersion = 10.0.40219.1
Project("{9A19103F-16F7-4668-BE54-9A1E7A4F7556}") = "WebAutomation", "WebAutomation\WebAutomation.csproj", "{80610457-B203-448F-A561-E31456E312AD}"
EndProject
Global
	GlobalSection(SolutionConfigurationPlatforms) = preSolution
		Debug|Any CPU = Debug|Any CPU
		Release|Any CPU = Release|Any CPU
	EndGlobalSection
	GlobalSection(ProjectConfigurationPlatforms) = postSolution
		{80610457-B203-448F-A561-E31456E312AD}.Debug|Any CPU.ActiveCfg = Debug|Any CPU
		{80610457-B203-448F-A561-E31456E312AD}.Debug|Any CPU.Build.0 = Debug|Any CPU
		{80610457-B203-448F-A561-E31456E312AD}.Release|Any CPU.ActiveCfg = Release|Any CPU
		{80610457-B203-448F-A561-E31456E312AD}.Release|Any CPU.Build.0 = Release|Any CPU
	EndGlobalSection
	GlobalSection(SolutionProperties) = preSolution
		HideSolutionNode = FALSE
	EndGlobalSection
	GlobalSection(ExtensibilityGlobals) = postSolution
		SolutionGuid = {BBD4F6A8-203A-496A-9ED7-61350ED68A9D}
	EndGlobalSection
EndGlobal
